
Microsoft Visual Studio Solution File, Format Version 12.00
# Visual Studio Version 16
VisualStudioVersion = 16.0.31605.320
MinimumVisualStudioVersion = 10.0.40219.1
Project("{FAE04EC0-301F-11D3-BF4B-00C04F79EFBC}") = "prueba_johan", "prueba_johan\prueba_johan.csproj", "{4BF90ECE-C18A-43E7-B313-081D48668CBC}"
EndProject
Global
	GlobalSection(SolutionConfigurationPlatforms) = preSolution
		Debug|Any CPU = Debug|Any CPU
		Release|Any CPU = Release|Any CPU
	EndGlobalSection
	GlobalSection(ProjectConfigurationPlatforms) = postSolution
		{4BF90ECE-C18A-43E7-B313-081D48668CBC}.Debug|Any CPU.ActiveCfg = Debug|Any CPU
		{4BF90ECE-C18A-43E7-B313-081D48668CBC}.Debug|Any CPU.Build.0 = Debug|Any CPU
		{4BF90ECE-C18A-43E7-B313-081D48668CBC}.Release|Any CPU.ActiveCfg = Release|Any CPU
		{4BF90ECE-C18A-43E7-B313-081D48668CBC}.Release|Any CPU.Build.0 = Release|Any CPU
	EndGlobalSection
	GlobalSection(SolutionProperties) = preSolution
		HideSolutionNode = FALSE
	EndGlobalSection
	GlobalSection(ExtensibilityGlobals) = postSolution
		SolutionGuid = {EEFD2C33-5D80-4720-B6EA-BD7E36E16FAE}
	EndGlobalSection
EndGlobal
